Microsoft Visual Studio Solution File, Format Version 12.00
# Visual Studio Version 17
VisualStudioVersion = 17.0.31903.59
MinimumVisualStudioVersion = 10.0.40219.1
Project("{FAE04EC0-301F-11D3-BF4B-00C04F79EFBC}") = "Poppler.Net", "src\Poppler.Net\Poppler.Net.csproj", "{E8F63150-BCB8-42DA-8881-3337B921012D}"
EndProject
Project("{FAE04EC0-301F-11D3-BF4B-00C04F79EFBC}") = "Poppler.Net.Cli", "src\Poppler.Net.Cli\Poppler.Net.Cli.csproj", "{A8776729-A190-45B8-85F8-E98B0E848DF5}"
EndProject
Project("{FAE04EC0-301F-11D3-BF4B-00C04F79EFBC}") = "Poppler.Net.Tests", "tests\Poppler.Net.Tests\Poppler.Net.Tests.csproj", "{7883CF28-6E4A-4505-A2CD-95E8B5856901}"
EndProject
Global
	GlobalSection(SolutionConfigurationPlatforms) = preSolution
		Debug|Any CPU = Debug|Any CPU
		Release|Any CPU = Release|Any CPU
	EndGlobalSection
	GlobalSection(ProjectConfigurationPlatforms) = postSolution
		{E8F63150-BCB8-42DA-8881-3337B921012D}.Debug|Any CPU.ActiveCfg = Debug|Any CPU
		{E8F63150-BCB8-42DA-8881-3337B921012D}.Debug|Any CPU.Build.0 = Debug|Any CPU
		{E8F63150-BCB8-42DA-8881-3337B921012D}.Release|Any CPU.ActiveCfg = Release|Any CPU
		{E8F63150-BCB8-42DA-8881-3337B921012D}.Release|Any CPU.Build.0 = Release|Any CPU
		{A8776729-A190-45B8-85F8-E98B0E848DF5}.Debug|Any CPU.ActiveCfg = Debug|Any CPU
		{A8776729-A190-45B8-85F8-E98B0E848DF5}.Debug|Any CPU.Build.0 = Debug|Any CPU
		{A8776729-A190-45B8-85F8-E98B0E848DF5}.Release|Any CPU.ActiveCfg = Release|Any CPU
		{A8776729-A190-45B8-85F8-E98B0E848DF5}.Release|Any CPU.Build.0 = Release|Any CPU
		{7883CF28-6E4A-4505-A2CD-95E8B5856901}.Debug|Any CPU.ActiveCfg = Debug|Any CPU
		{7883CF28-6E4A-4505-A2CD-95E8B5856901}.Debug|Any CPU.Build.0 = Debug|Any CPU
		{7883CF28-6E4A-4505-A2CD-95E8B5856901}.Release|Any CPU.ActiveCfg = Release|Any CPU
		{7883CF28-6E4A-4505-A2CD-95E8B5856901}.Release|Any CPU.Build.0 = Release|Any CPU
	EndGlobalSection
EndGlobal
